
Microsoft Visual Studio Solution File, Format Version 12.00
# Visual Studio Version 16
VisualStudioVersion = 16.0.31112.23
MinimumVisualStudioVersion = 10.0.40219.1
Project("{2150E333-8FDC-42A3-9474-1A3956D46DE8}") = "Services", "Services", "{FED67B5A-1915-494A-8177-97E1489A5764}"
EndProject
Project("{2150E333-8FDC-42A3-9474-1A3956D46DE8}") = "WebApps", "WebApps", "{7A0BD3AF-5173-4CDA-A483-94829F9D341F}"
EndProject
Project("{2150E333-8FDC-42A3-9474-1A3956D46DE8}") = "Cadastros", "Cadastros", "{873DBA8D-A590-4FA2-B271-3E95550B7CAC}"
EndProject
Project("{2150E333-8FDC-42A3-9474-1A3956D46DE8}") = "Catalogo", "Catalogo", "{8000D073-300B-42B4-BE25-D767EA915D73}"
EndProject
Project("{2150E333-8FDC-42A3-9474-1A3956D46DE8}") = "Core", "Core", "{33293CC4-7579-4116-8555-8668A418911F}"
EndProject
Project("{2150E333-8FDC-42A3-9474-1A3956D46DE8}") = "Fiscal", "Fiscal", "{5FEE564A-2C75-4001-B609-5F7A155719F7}"
EndProject
Project("{2150E333-8FDC-42A3-9474-1A3956D46DE8}") = "Pagamentos", "Pagamentos", "{0094523A-6AAA-44EB-8AF4-C09D487CF997}"
EndProject
Project("{2150E333-8FDC-42A3-9474-1A3956D46DE8}") = "Vendas", "Vendas", "{22CEF069-1B8F-4B00-A6EF-E284336032A6}"
EndProject
Project("{9A19103F-16F7-4668-BE54-9A1E7A4F7556}") = "ApproarchVendas.Catalogo.Domain", "src\ApproarchVendas.Catalogo.Domain\ApproarchVendas.Catalogo.Domain.csproj", "{4BB19EE8-E3BA-4F62-9CB7-6DB7F30C3064}"
EndProject
Project("{9A19103F-16F7-4668-BE54-9A1E7A4F7556}") = "ApproachVendas.Core", "src\ApproarchVendas.Core\ApproachVendas.Core.csproj", "{07370188-98A4-4B69-95FD-19D966C29519}"
EndProject
Project("{2150E333-8FDC-42A3-9474-1A3956D46DE8}") = "Tests", "Tests", "{D19EBBF0-821B-4516-B841-AD27B6DFA630}"
EndProject
Project("{9A19103F-16F7-4668-BE54-9A1E7A4F7556}") = "ApproachVendas.Catalogo.Domain.Tests", "tests\ApproachVendas.Catalogo.Domain.Tests\ApproachVendas.Catalogo.Domain.Tests.csproj", "{4A0EE858-AAA0-458A-A2F9-B14442249804}"
EndProject
Project("{9A19103F-16F7-4668-BE54-9A1E7A4F7556}") = "ApproachVendas.Catalogo.Data", "src\ApproachVendas.Catalogo.Data\ApproachVendas.Catalogo.Data.csproj", "{24131E6B-0D12-4588-B99C-76AD6C8ADB12}"
EndProject
Project("{FAE04EC0-301F-11D3-BF4B-00C04F79EFBC}") = "ApproarchVendas.Catalogo.Application", "src\ApproarchVendas.Catalogo.Application\ApproarchVendas.Catalogo.Application.csproj", "{2071CBF9-F6C3-4280-B46D-1752C6AA7118}"
EndProject
Global
	GlobalSection(SolutionConfigurationPlatforms) = preSolution
		Debug|Any CPU = Debug|Any CPU
		Release|Any CPU = Release|Any CPU
	EndGlobalSection
	GlobalSection(ProjectConfigurationPlatforms) = postSolution
		{4BB19EE8-E3BA-4F62-9CB7-6DB7F30C3064}.Debug|Any CPU.ActiveCfg = Debug|Any CPU
		{4BB19EE8-E3BA-4F62-9CB7-6DB7F30C3064}.Debug|Any CPU.Build.0 = Debug|Any CPU
		{4BB19EE8-E3BA-4F62-9CB7-6DB7F30C3064}.Release|Any CPU.ActiveCfg = Release|Any CPU
		{4BB19EE8-E3BA-4F62-9CB7-6DB7F30C3064}.Release|Any CPU.Build.0 = Release|Any CPU
		{07370188-98A4-4B69-95FD-19D966C29519}.Debug|Any CPU.ActiveCfg = Debug|Any CPU
		{07370188-98A4-4B69-95FD-19D966C29519}.Debug|Any CPU.Build.0 = Debug|Any CPU
		{07370188-98A4-4B69-95FD-19D966C29519}.Release|Any CPU.ActiveCfg = Release|Any CPU
		{07370188-98A4-4B69-95FD-19D966C29519}.Release|Any CPU.Build.0 = Release|Any CPU
		{4A0EE858-AAA0-458A-A2F9-B14442249804}.Debug|Any CPU.ActiveCfg = Debug|Any CPU
		{4A0EE858-AAA0-458A-A2F9-B14442249804}.Debug|Any CPU.Build.0 = Debug|Any CPU
		{4A0EE858-AAA0-458A-A2F9-B14442249804}.Release|Any CPU.ActiveCfg = Release|Any CPU
		{4A0EE858-AAA0-458A-A2F9-B14442249804}.Release|Any CPU.Build.0 = Release|Any CPU
		{24131E6B-0D12-4588-B99C-76AD6C8ADB12}.Debug|Any CPU.ActiveCfg = Debug|Any CPU
		{24131E6B-0D12-4588-B99C-76AD6C8ADB12}.Debug|Any CPU.Build.0 = Debug|Any CPU
		{24131E6B-0D12-4588-B99C-76AD6C8ADB12}.Release|Any CPU.ActiveCfg = Release|Any CPU
		{24131E6B-0D12-4588-B99C-76AD6C8ADB12}.Release|Any CPU.Build.0 = Release|Any CPU
		{2071CBF9-F6C3-4280-B46D-1752C6AA7118}.Debug|Any CPU.ActiveCfg = Debug|Any CPU
		{2071CBF9-F6C3-4280-B46D-1752C6AA7118}.Debug|Any CPU.Build.0 = Debug|Any CPU
		{2071CBF9-F6C3-4280-B46D-1752C6AA7118}.Release|Any CPU.ActiveCfg = Release|Any CPU
		{2071CBF9-F6C3-4280-B46D-1752C6AA7118}.Release|Any CPU.Build.0 = Release|Any CPU
	EndGlobalSection
	GlobalSection(SolutionProperties) = preSolution
		HideSolutionNode = FALSE
	EndGlobalSection
	GlobalSection(NestedProjects) = preSolution
		{873DBA8D-A590-4FA2-B271-3E95550B7CAC} = {FED67B5A-1915-494A-8177-97E1489A5764}
		{8000D073-300B-42B4-BE25-D767EA915D73} = {FED67B5A-1915-494A-8177-97E1489A5764}
		{33293CC4-7579-4116-8555-8668A418911F} = {FED67B5A-1915-494A-8177-97E1489A5764}
		{5FEE564A-2C75-4001-B609-5F7A155719F7} = {FED67B5A-1915-494A-8177-97E1489A5764}
		{0094523A-6AAA-44EB-8AF4-C09D487CF997} = {FED67B5A-1915-494A-8177-97E1489A5764}
		{22CEF069-1B8F-4B00-A6EF-E284336032A6} = {FED67B5A-1915-494A-8177-97E1489A5764}
		{4BB19EE8-E3BA-4F62-9CB7-6DB7F30C3064} = {8000D073-300B-42B4-BE25-D767EA915D73}
		{07370188-98A4-4B69-95FD-19D966C29519} = {33293CC4-7579-4116-8555-8668A418911F}
		{D19EBBF0-821B-4516-B841-AD27B6DFA630} = {8000D073-300B-42B4-BE25-D767EA915D73}
		{4A0EE858-AAA0-458A-A2F9-B14442249804} = {D19EBBF0-821B-4516-B841-AD27B6DFA630}
		{24131E6B-0D12-4588-B99C-76AD6C8ADB12} = {8000D073-300B-42B4-BE25-D767EA915D73}
		{2071CBF9-F6C3-4280-B46D-1752C6AA7118} = {8000D073-300B-42B4-BE25-D767EA915D73}
	EndGlobalSection
	GlobalSection(ExtensibilityGlobals) = postSolution
		SolutionGuid = {0C6C2544-4A65-42E7-A4A3-E5068496E24F}
	EndGlobalSection
EndGlobal
